
Microsoft Visual Studio Solution File, Format Version 11.00
# Visual Studio 2010
Project("{FAE04EC0-301F-11D3-BF4B-00C04F79EFBC}") = "IPReport", "IPReport\IPReport.csproj", "{7457DC96-C2AA-41F4-995C-42635984E3FB}"
EndProject
Project("{FAE04EC0-301F-11D3-BF4B-00C04F79EFBC}") = "IPReport.Test", "IPReport.Test\IPReport.Test.csproj", "{AAE271C4-CA54-4314-976F-8ADC35674610}"
	ProjectSection(ProjectDependencies) = postProject
		{7457DC96-C2AA-41F4-995C-42635984E3FB} = {7457DC96-C2AA-41F4-995C-42635984E3FB}
	EndProjectSection
EndProject
Project("{54435603-DBB4-11D2-8724-00A0C9A8B90C}") = "Setup", "Setup\Setup.vdproj", "{AFB79979-B892-46E5-A184-ED9DBE6AD482}"
EndProject
Project("{2150E333-8FDC-42A3-9474-1A3956D46DE8}") = ".nuget", ".nuget", "{25839D86-4B37-4CA0-A928-8500832493F2}"
	ProjectSection(SolutionItems) = preProject
		.nuget\packages.config = .nuget\packages.config
	EndProjectSection
EndProject
Global
	GlobalSection(SolutionConfigurationPlatforms) = preSolution
		Debug|Any CPU = Debug|Any CPU
		Debug|Mixed Platforms = Debug|Mixed Platforms
		Debug|x86 = Debug|x86
		Release|Any CPU = Release|Any CPU
		Release|Mixed Platforms = Release|Mixed Platforms
		Release|x86 = Release|x86
	EndGlobalSection
	GlobalSection(ProjectConfigurationPlatforms) = postSolution
		{7457DC96-C2AA-41F4-995C-42635984E3FB}.Debug|Any CPU.ActiveCfg = Debug|Any CPU
		{7457DC96-C2AA-41F4-995C-42635984E3FB}.Debug|Any CPU.Build.0 = Debug|Any CPU
		{7457DC96-C2AA-41F4-995C-42635984E3FB}.Debug|Mixed Platforms.ActiveCfg = Debug|x86
		{7457DC96-C2AA-41F4-995C-42635984E3FB}.Debug|Mixed Platforms.Build.0 = Debug|x86
		{7457DC96-C2AA-41F4-995C-42635984E3FB}.Debug|x86.ActiveCfg = Debug|x86
		{7457DC96-C2AA-41F4-995C-42635984E3FB}.Debug|x86.Build.0 = Debug|x86
		{7457DC96-C2AA-41F4-995C-42635984E3FB}.Release|Any CPU.ActiveCfg = Release|x86
		{7457DC96-C2AA-41F4-995C-42635984E3FB}.Release|Any CPU.Build.0 = Release|x86
		{7457DC96-C2AA-41F4-995C-42635984E3FB}.Release|Mixed Platforms.ActiveCfg = Release|x86
		{7457DC96-C2AA-41F4-995C-42635984E3FB}.Release|Mixed Platforms.Build.0 = Release|x86
		{7457DC96-C2AA-41F4-995C-42635984E3FB}.Release|x86.ActiveCfg = Release|x86
		{7457DC96-C2AA-41F4-995C-42635984E3FB}.Release|x86.Build.0 = Release|x86
		{AAE271C4-CA54-4314-976F-8ADC35674610}.Debug|Any CPU.ActiveCfg = Debug|Any CPU
		{AAE271C4-CA54-4314-976F-8ADC35674610}.Debug|Any CPU.Build.0 = Debug|Any CPU
		{AAE271C4-CA54-4314-976F-8ADC35674610}.Debug|Mixed Platforms.ActiveCfg = Debug|Any CPU
		{AAE271C4-CA54-4314-976F-8ADC35674610}.Debug|Mixed Platforms.Build.0 = Debug|Any CPU
		{AAE271C4-CA54-4314-976F-8ADC35674610}.Debug|x86.ActiveCfg = Debug|x86
		{AAE271C4-CA54-4314-976F-8ADC35674610}.Debug|x86.Build.0 = Debug|x86
		{AAE271C4-CA54-4314-976F-8ADC35674610}.Release|Any CPU.ActiveCfg = Release|Any CPU
		{AAE271C4-CA54-4314-976F-8ADC35674610}.Release|Any CPU.Build.0 = Release|Any CPU
		{AAE271C4-CA54-4314-976F-8ADC35674610}.Release|Mixed Platforms.ActiveCfg = Release|Any CPU
		{AAE271C4-CA54-4314-976F-8ADC35674610}.Release|Mixed Platforms.Build.0 = Release|Any CPU
		{AAE271C4-CA54-4314-976F-8ADC35674610}.Release|x86.ActiveCfg = Release|Any CPU
		{AFB79979-B892-46E5-A184-ED9DBE6AD482}.Debug|Any CPU.ActiveCfg = Debug
		{AFB79979-B892-46E5-A184-ED9DBE6AD482}.Debug|Mixed Platforms.ActiveCfg = Debug
		{AFB79979-B892-46E5-A184-ED9DBE6AD482}.Debug|x86.ActiveCfg = Debug
		{AFB79979-B892-46E5-A184-ED9DBE6AD482}.Release|Any CPU.ActiveCfg = Release
		{AFB79979-B892-46E5-A184-ED9DBE6AD482}.Release|Mixed Platforms.ActiveCfg = Release
		{AFB79979-B892-46E5-A184-ED9DBE6AD482}.Release|x86.ActiveCfg = Release
		{AFB79979-B892-46E5-A184-ED9DBE6AD482}.Release|x86.Build.0 = Release
	EndGlobalSection
	GlobalSection(SolutionProperties) = preSolution
		HideSolutionNode = FALSE
	EndGlobalSection
EndGlobal
